
Microsoft Visual Studio Solution File, Format Version 12.00
# Visual Studio Express 15 for Windows Desktop
VisualStudioVersion = 15.0.33801.198
MinimumVisualStudioVersion = 10.0.40219.1
Project("{FAE04EC0-301F-11D3-BF4B-00C04F79EFBC}") = "HttpServerTest", "HttpServerTest\HttpServerTest.csproj", "{BC9BF338-3078-4E17-A018-B371D229FDD4}"
EndProject
Global
	GlobalSection(SolutionConfigurationPlatforms) = preSolution
		Debug|Any CPU = Debug|Any CPU
		Release|Any CPU = Release|Any CPU
	EndGlobalSection
	GlobalSection(ProjectConfigurationPlatforms) = postSolution
		{BC9BF338-3078-4E17-A018-B371D229FDD4}.Debug|Any CPU.ActiveCfg = Debug|Any CPU
		{BC9BF338-3078-4E17-A018-B371D229FDD4}.Debug|Any CPU.Build.0 = Debug|Any CPU
		{BC9BF338-3078-4E17-A018-B371D229FDD4}.Release|Any CPU.ActiveCfg = Release|Any CPU
		{BC9BF338-3078-4E17-A018-B371D229FDD4}.Release|Any CPU.Build.0 = Release|Any CPU
	EndGlobalSection
	GlobalSection(SolutionProperties) = preSolution
		HideSolutionNode = FALSE
	EndGlobalSection
	GlobalSection(ExtensibilityGlobals) = postSolution
		SolutionGuid = {BF32A801-2E22-4DD9-BD65-769E6085EE31}
	EndGlobalSection
EndGlobal
